// !$*UTF8*$!
{
	archiveVersion = 1;
	classes = {
	};
	objectVersion = 46;
	objects = {

/* Begin PBXBuildFile section */
		D723B2CC196A3FD100B1BBE8 /* Sparkle.png in Resources */ = {isa = PBXBuildFile; fileRef = D723B2CB196A3FD100B1BBE8 /* Sparkle.png */; };
		D73C166E1973942300380335 /* LTEasing.swift in Sources */ = {isa = PBXBuildFile; fileRef = D7AFEC911962511C0006FA88 /* LTEasing.swift */; };
		D74AD974195171E7009A2ACD /* AppDelegate.swift in Sources */ = {isa = PBXBuildFile; fileRef = D74AD973195171E7009A2ACD /* AppDelegate.swift */; };
		D74AD976195171E7009A2ACD /* Images.xcassets in Resources */ = {isa = PBXBuildFile; fileRef = D74AD975195171E7009A2ACD /* Images.xcassets */; };
		D74AD982195171E7009A2ACD /* LTMorphingLabelDemoTests.swift in Sources */ = {isa = PBXBuildFile; fileRef = D74AD981195171E7009A2ACD /* LTMorphingLabelDemoTests.swift */; };
		D74AD98D195173B5009A2ACD /* LTMorphingLabelDemo.storyboard in Resources */ = {isa = PBXBuildFile; fileRef = D74AD98C195173B5009A2ACD /* LTMorphingLabelDemo.storyboard */; };
		D74AD98F19517430009A2ACD /* LTMorphingLabel.swift in Sources */ = {isa = PBXBuildFile; fileRef = D74AD98E19517430009A2ACD /* LTMorphingLabel.swift */; };
		D7558D3A1962AB3000DCF592 /* LTMorphingLabel+Pixelate.swift in Sources */ = {isa = PBXBuildFile; fileRef = D7558D391962AB3000DCF592 /* LTMorphingLabel+Pixelate.swift */; };
		D757C30D1974243400A34565 /* LTMorphingLabel+Burn.swift in Sources */ = {isa = PBXBuildFile; fileRef = D757C30C1974243400A34565 /* LTMorphingLabel+Burn.swift */; };
		D757C31719742B1D00A34565 /* Fire.png in Resources */ = {isa = PBXBuildFile; fileRef = D757C31619742B1D00A34565 /* Fire.png */; };
		D7633A2B195812020009D084 /* LTDemoViewController.swift in Sources */ = {isa = PBXBuildFile; fileRef = D7633A2A195812020009D084 /* LTDemoViewController.swift */; };
		D7633A2D195965A00009D084 /* NSString+LTMorphingLabel.swift in Sources */ = {isa = PBXBuildFile; fileRef = D7633A2C195965A00009D084 /* NSString+LTMorphingLabel.swift */; };
		D7633A2E195976D30009D084 /* NSString+LTMorphingLabel.swift in Sources */ = {isa = PBXBuildFile; fileRef = D7633A2C195965A00009D084 /* NSString+LTMorphingLabel.swift */; };
		D7AE4C3F1952E4D700171EA2 /* LTMorphingLabel.swift in Sources */ = {isa = PBXBuildFile; fileRef = D74AD98E19517430009A2ACD /* LTMorphingLabel.swift */; };
		D7AFEC921962511C0006FA88 /* LTEasing.swift in Sources */ = {isa = PBXBuildFile; fileRef = D7AFEC911962511C0006FA88 /* LTEasing.swift */; };
		D7AFEC94196256720006FA88 /* LTMorphingLabel+Evaporate.swift in Sources */ = {isa = PBXBuildFile; fileRef = D7AFEC93196256720006FA88 /* LTMorphingLabel+Evaporate.swift */; };
		D7AFEC98196280860006FA88 /* LTMorphingLabel+Fall.swift in Sources */ = {isa = PBXBuildFile; fileRef = D7AFEC97196280860006FA88 /* LTMorphingLabel+Fall.swift */; };
		D7C98F3719750F6900902C5C /* Smoke.png in Resources */ = {isa = PBXBuildFile; fileRef = D7C98F3619750F6900902C5C /* Smoke.png */; };
		D7C98F391975265C00902C5C /* LTMorphingLabel+Anvil.swift in Sources */ = {isa = PBXBuildFile; fileRef = D7C98F381975265C00902C5C /* LTMorphingLabel+Anvil.swift */; };
		D7C98F3B1975298000902C5C /* Fragment.png in Resources */ = {isa = PBXBuildFile; fileRef = D7C98F3A1975298000902C5C /* Fragment.png */; };
		D7EC5FD6196692E8004E7076 /* LTMorphingLabel+Sparkle.swift in Sources */ = {isa = PBXBuildFile; fileRef = D7EC5FD5196692E8004E7076 /* LTMorphingLabel+Sparkle.swift */; };
/* End PBXBuildFile section */

/* Begin PBXContainerItemProxy section */
		D73C166A1973941C00380335 /* PBXContainerItemProxy */ = {
			isa = PBXContainerItemProxy;
			containerPortal = D74AD966195171E7009A2ACD /* Project object */;
			proxyType = 1;
			remoteGlobalIDString = D74AD96D195171E7009A2ACD;
			remoteInfo = LTMorphingLabelDemo;
		};
		D73C166C1973941C00380335 /* PBXContainerItemProxy */ = {
			isa = PBXContainerItemProxy;
			containerPortal = D74AD966195171E7009A2ACD /* Project object */;
			proxyType = 1;
			remoteGlobalIDString = D74AD96D195171E7009A2ACD;
			remoteInfo = LTMorphingLabelDemo;
		};
		D74AD97C195171E7009A2ACD /* PBXContainerItemProxy */ = {
			isa = PBXContainerItemProxy;
			containerPortal = D74AD966195171E7009A2ACD /* Project object */;
			proxyType = 1;
			remoteGlobalIDString = D74AD96D195171E7009A2ACD;
			remoteInfo = LTMorphingLabelDemo;
		};
		D78925C4195A7BFE001AF955 /* PBXContainerItemProxy */ = {
			isa = PBXContainerItemProxy;
			containerPortal = D74AD966195171E7009A2ACD /* Project object */;
			proxyType = 1;
			remoteGlobalIDString = D74AD96D195171E7009A2ACD;
			remoteInfo = LTMorphingLabelDemo;
		};
		D78925C6195A7BFE001AF955 /* PBXContainerItemProxy */ = {
			isa = PBXContainerItemProxy;
			containerPortal = D74AD966195171E7009A2ACD /* Project object */;
			proxyType = 1;
			remoteGlobalIDString = D74AD96D195171E7009A2ACD;
			remoteInfo = LTMorphingLabelDemo;
		};
		D7AE4C3B1952E4D000171EA2 /* PBXContainerItemProxy */ = {
			isa = PBXContainerItemProxy;
			containerPortal = D74AD966195171E7009A2ACD /* Project object */;
			proxyType = 1;
			remoteGlobalIDString = D74AD96D195171E7009A2ACD;
			remoteInfo = LTMorphingLabelDemo;
		};
		D7AE4C3D1952E4D000171EA2 /* PBXContainerItemProxy */ = {
			isa = PBXContainerItemProxy;
			containerPortal = D74AD966195171E7009A2ACD /* Project object */;
			proxyType = 1;
			remoteGlobalIDString = D74AD96D195171E7009A2ACD;
			remoteInfo = LTMorphingLabelDemo;
		};
		D7AFEC9919628ECF0006FA88 /* PBXContainerItemProxy */ = {
			isa = PBXContainerItemProxy;
			containerPortal = D74AD966195171E7009A2ACD /* Project object */;
			proxyType = 1;
			remoteGlobalIDString = D74AD96D195171E7009A2ACD;
			remoteInfo = LTMorphingLabelDemo;
		};
		D7C98F2C1973A96700902C5C /* PBXContainerItemProxy */ = {
			isa = PBXContainerItemProxy;
			containerPortal = D74AD966195171E7009A2ACD /* Project object */;
			proxyType = 1;
			remoteGlobalIDString = D74AD96D195171E7009A2ACD;
			remoteInfo = LTMorphingLabelDemo;
		};
/* End PBXContainerItemProxy section */

/* Begin PBXFileReference section */
		D723B2CB196A3FD100B1BBE8 /* Sparkle.png */ = {isa = PBXFileReference; lastKnownFileType = image.png; path = Sparkle.png; sourceTree = "<group>"; };
		D74AD96E195171E7009A2ACD /* LTMorphingLabelDemo.app */ = {isa = PBXFileReference; explicitFileType = wrapper.application; includeInIndex = 0; path = LTMorphingLabelDemo.app; sourceTree = BUILT_PRODUCTS_DIR; };
		D74AD972195171E7009A2ACD /* Info.plist */ = {isa = PBXFileReference; lastKnownFileType = text.plist.xml; path = Info.plist; sourceTree = "<group>"; };
		D74AD973195171E7009A2ACD /* AppDelegate.swift */ = {isa = PBXFileReference; lastKnownFileType = sourcecode.swift; path = AppDelegate.swift; sourceTree = "<group>"; };
		D74AD975195171E7009A2ACD /* Images.xcassets */ = {isa = PBXFileReference; lastKnownFileType = folder.assetcatalog; path = Images.xcassets; sourceTree = "<group>"; };
		D74AD97B195171E7009A2ACD /* LTMorphingLabelDemoTests.xctest */ = {isa = PBXFileReference; explicitFileType = wrapper.cfbundle; includeInIndex = 0; path = LTMorphingLabelDemoTests.xctest; sourceTree = BUILT_PRODUCTS_DIR; };
		D74AD980195171E7009A2ACD /* Info.plist */ = {isa = PBXFileReference; lastKnownFileType = text.plist.xml; path = Info.plist; sourceTree = "<group>"; };
		D74AD981195171E7009A2ACD /* LTMorphingLabelDemoTests.swift */ = {isa = PBXFileReference; lastKnownFileType = sourcecode.swift; path = LTMorphingLabelDemoTests.swift; sourceTree = "<group>"; };
		D74AD98C195173B5009A2ACD /* LTMorphingLabelDemo.storyboard */ = {isa = PBXFileReference; fileEncoding = 4; lastKnownFileType = file.storyboard; path = LTMorphingLabelDemo.storyboard; sourceTree = "<group>"; };
		D74AD98E19517430009A2ACD /* LTMorphingLabel.swift */ = {isa = PBXFileReference; fileEncoding = 4; lastKnownFileType = sourcecode.swift; path = LTMorphingLabel.swift; sourceTree = "<group>"; };
		D7558D391962AB3000DCF592 /* LTMorphingLabel+Pixelate.swift */ = {isa = PBXFileReference; fileEncoding = 4; lastKnownFileType = sourcecode.swift; path = "LTMorphingLabel+Pixelate.swift"; sourceTree = "<group>"; };
		D757C30C1974243400A34565 /* LTMorphingLabel+Burn.swift */ = {isa = PBXFileReference; fileEncoding = 4; lastKnownFileType = sourcecode.swift; path = "LTMorphingLabel+Burn.swift"; sourceTree = "<group>"; };
		D757C31619742B1D00A34565 /* Fire.png */ = {isa = PBXFileReference; lastKnownFileType = image.png; path = Fire.png; sourceTree = "<group>"; };
		D7633A2A195812020009D084 /* LTDemoViewController.swift */ = {isa = PBXFileReference; fileEncoding = 4; lastKnownFileType = sourcecode.swift; path = LTDemoViewController.swift; sourceTree = "<group>"; };
		D7633A2C195965A00009D084 /* NSString+LTMorphingLabel.swift */ = {isa = PBXFileReference; fileEncoding = 4; lastKnownFileType = sourcecode.swift; path = "NSString+LTMorphingLabel.swift"; sourceTree = "<group>"; };
		D7AFEC911962511C0006FA88 /* LTEasing.swift */ = {isa = PBXFileReference; fileEncoding = 4; lastKnownFileType = sourcecode.swift; path = LTEasing.swift; sourceTree = "<group>"; };
		D7AFEC93196256720006FA88 /* LTMorphingLabel+Evaporate.swift */ = {isa = PBXFileReference; fileEncoding = 4; lastKnownFileType = sourcecode.swift; path = "LTMorphingLabel+Evaporate.swift"; sourceTree = "<group>"; };
		D7AFEC97196280860006FA88 /* LTMorphingLabel+Fall.swift */ = {isa = PBXFileReference; fileEncoding = 4; lastKnownFileType = sourcecode.swift; path = "LTMorphingLabel+Fall.swift"; sourceTree = "<group>"; };
		D7C98F3619750F6900902C5C /* Smoke.png */ = {isa = PBXFileReference; lastKnownFileType = image.png; path = Smoke.png; sourceTree = "<group>"; };
		D7C98F381975265C00902C5C /* LTMorphingLabel+Anvil.swift */ = {isa = PBXFileReference; fileEncoding = 4; lastKnownFileType = sourcecode.swift; path = "LTMorphingLabel+Anvil.swift"; sourceTree = "<group>"; };
		D7C98F3A1975298000902C5C /* Fragment.png */ = {isa = PBXFileReference; lastKnownFileType = image.png; path = Fragment.png; sourceTree = "<group>"; };
		D7EC5FD5196692E8004E7076 /* LTMorphingLabel+Sparkle.swift */ = {isa = PBXFileReference; fileEncoding = 4; lastKnownFileType = sourcecode.swift; path = "LTMorphingLabel+Sparkle.swift"; sourceTree = "<group>"; };
/* End PBXFileReference section */

/* Begin PBXFrameworksBuildPhase section */
		D74AD96B195171E7009A2ACD /* Frameworks */ = {
			isa = PBXFrameworksBuildPhase;
			buildActionMask = 2147483647;
			files = (
			);
			runOnlyForDeploymentPostprocessing = 0;
		};
		D74AD978195171E7009A2ACD /* Frameworks */ = {
			isa = PBXFrameworksBuildPhase;
			buildActionMask = 2147483647;
			files = (
			);
			runOnlyForDeploymentPostprocessing = 0;
		};
/* End PBXFrameworksBuildPhase section */

/* Begin PBXGroup section */
		D70FB1FB19685C3300EF9B84 /* Particles */ = {
			isa = PBXGroup;
			children = (
				D757C31619742B1D00A34565 /* Fire.png */,
				D723B2CB196A3FD100B1BBE8 /* Sparkle.png */,
				D7C98F3619750F6900902C5C /* Smoke.png */,
				D7C98F3A1975298000902C5C /* Fragment.png */,
			);
			path = Particles;
			sourceTree = "<group>";
		};
		D74AD965195171E7009A2ACD = {
			isa = PBXGroup;
			children = (
				D74AD98B19517201009A2ACD /* LTMorphingLabel */,
				D74AD970195171E7009A2ACD /* LTMorphingLabelDemo */,
				D74AD97E195171E7009A2ACD /* LTMorphingLabelDemoTests */,
				D74AD96F195171E7009A2ACD /* Products */,
			);
			sourceTree = "<group>";
		};
		D74AD96F195171E7009A2ACD /* Products */ = {
			isa = PBXGroup;
			children = (
				D74AD96E195171E7009A2ACD /* LTMorphingLabelDemo.app */,
				D74AD97B195171E7009A2ACD /* LTMorphingLabelDemoTests.xctest */,
			);
			name = Products;
			sourceTree = "<group>";
		};
		D74AD970195171E7009A2ACD /* LTMorphingLabelDemo */ = {
			isa = PBXGroup;
			children = (
				D74AD973195171E7009A2ACD /* AppDelegate.swift */,
				D74AD975195171E7009A2ACD /* Images.xcassets */,
				D74AD971195171E7009A2ACD /* Supporting Files */,
				D74AD98C195173B5009A2ACD /* LTMorphingLabelDemo.storyboard */,
				D7633A2A195812020009D084 /* LTDemoViewController.swift */,
			);
			path = LTMorphingLabelDemo;
			sourceTree = "<group>";
		};
		D74AD971195171E7009A2ACD /* Supporting Files */ = {
			isa = PBXGroup;
			children = (
				D74AD972195171E7009A2ACD /* Info.plist */,
			);
			name = "Supporting Files";
			sourceTree = "<group>";
		};
		D74AD97E195171E7009A2ACD /* LTMorphingLabelDemoTests */ = {
			isa = PBXGroup;
			children = (
				D74AD981195171E7009A2ACD /* LTMorphingLabelDemoTests.swift */,
				D74AD97F195171E7009A2ACD /* Supporting Files */,
			);
			path = LTMorphingLabelDemoTests;
			sourceTree = "<group>";
		};
		D74AD97F195171E7009A2ACD /* Supporting Files */ = {
			isa = PBXGroup;
			children = (
				D74AD980195171E7009A2ACD /* Info.plist */,
			);
			name = "Supporting Files";
			sourceTree = "<group>";
		};
		D74AD98B19517201009A2ACD /* LTMorphingLabel */ = {
			isa = PBXGroup;
			children = (
				D7AFEC911962511C0006FA88 /* LTEasing.swift */,
				D7633A2C195965A00009D084 /* NSString+LTMorphingLabel.swift */,
				D74AD98E19517430009A2ACD /* LTMorphingLabel.swift */,
				D7AFEC93196256720006FA88 /* LTMorphingLabel+Evaporate.swift */,
				D7AFEC97196280860006FA88 /* LTMorphingLabel+Fall.swift */,
				D7558D391962AB3000DCF592 /* LTMorphingLabel+Pixelate.swift */,
				D7EC5FD5196692E8004E7076 /* LTMorphingLabel+Sparkle.swift */,
				D757C30C1974243400A34565 /* LTMorphingLabel+Burn.swift */,
				D7C98F381975265C00902C5C /* LTMorphingLabel+Anvil.swift */,
				D70FB1FB19685C3300EF9B84 /* Particles */,
			);
			path = LTMorphingLabel;
			sourceTree = "<group>";
		};
/* End PBXGroup section */

/* Begin PBXNativeTarget section */
		D74AD96D195171E7009A2ACD /* LTMorphingLabelDemo */ = {
			isa = PBXNativeTarget;
			buildConfigurationList = D74AD985195171E7009A2ACD /* Build configuration list for PBXNativeTarget "LTMorphingLabelDemo" */;
			buildPhases = (
				D74AD96A195171E7009A2ACD /* Sources */,
				D74AD96B195171E7009A2ACD /* Frameworks */,
				D74AD96C195171E7009A2ACD /* Resources */,
			);
			buildRules = (
			);
			dependencies = (
			);
			name = LTMorphingLabelDemo;
			productName = LTMorphingLabelDemo;
			productReference = D74AD96E195171E7009A2ACD /* LTMorphingLabelDemo.app */;
			productType = "com.apple.product-type.application";
		};
		D74AD97A195171E7009A2ACD /* LTMorphingLabelDemoTests */ = {
			isa = PBXNativeTarget;
			buildConfigurationList = D74AD988195171E7009A2ACD /* Build configuration list for PBXNativeTarget "LTMorphingLabelDemoTests" */;
			buildPhases = (
				D74AD977195171E7009A2ACD /* Sources */,
				D74AD978195171E7009A2ACD /* Frameworks */,
				D74AD979195171E7009A2ACD /* Resources */,
			);
			buildRules = (
			);
			dependencies = (
				D74AD97D195171E7009A2ACD /* PBXTargetDependency */,
				D7AE4C3C1952E4D000171EA2 /* PBXTargetDependency */,
				D7AE4C3E1952E4D000171EA2 /* PBXTargetDependency */,
				D78925C5195A7BFE001AF955 /* PBXTargetDependency */,
				D78925C7195A7BFE001AF955 /* PBXTargetDependency */,
				D7AFEC9A19628ECF0006FA88 /* PBXTargetDependency */,
				D73C166B1973941C00380335 /* PBXTargetDependency */,
				D73C166D1973941C00380335 /* PBXTargetDependency */,
				D7C98F2D1973A96700902C5C /* PBXTargetDependency */,
			);
			name = LTMorphingLabelDemoTests;
			productName = LTMorphingLabelDemoTests;
			productReference = D74AD97B195171E7009A2ACD /* LTMorphingLabelDemoTests.xctest */;
			productType = "com.apple.product-type.bundle.unit-test";
		};
/* End PBXNativeTarget section */

/* Begin PBXProject section */
		D74AD966195171E7009A2ACD /* Project object */ = {
			isa = PBXProject;
			attributes = {
				LastUpgradeCheck = 0600;
				ORGANIZATIONNAME = LexTang.com;
				TargetAttributes = {
					D74AD96D195171E7009A2ACD = {
						CreatedOnToolsVersion = 6.0;
					};
					D74AD97A195171E7009A2ACD = {
						CreatedOnToolsVersion = 6.0;
						TestTargetID = D74AD96D195171E7009A2ACD;
					};
				};
			};
			buildConfigurationList = D74AD969195171E7009A2ACD /* Build configuration list for PBXProject "LTMorphingLabelDemo" */;
			compatibilityVersion = "Xcode 3.2";
			developmentRegion = English;
			hasScannedForEncodings = 0;
			knownRegions = (
				en,
			);
			mainGroup = D74AD965195171E7009A2ACD;
			productRefGroup = D74AD96F195171E7009A2ACD /* Products */;
			projectDirPath = "";
			projectRoot = "";
			targets = (
				D74AD96D195171E7009A2ACD /* LTMorphingLabelDemo */,
				D74AD97A195171E7009A2ACD /* LTMorphingLabelDemoTests */,
			);
		};
/* End PBXProject section */

/* Begin PBXResourcesBuildPhase section */
		D74AD96C195171E7009A2ACD /* Resources */ = {
			isa = PBXResourcesBuildPhase;
			buildActionMask = 2147483647;
			files = (
				D74AD98D195173B5009A2ACD /* LTMorphingLabelDemo.storyboard in Resources */,
				D7C98F3B1975298000902C5C /* Fragment.png in Resources */,
				D723B2CC196A3FD100B1BBE8 /* Sparkle.png in Resources */,
				D757C31719742B1D00A34565 /* Fire.png in Resources */,
				D74AD976195171E7009A2ACD /* Images.xcassets in Resources */,
				D7C98F3719750F6900902C5C /* Smoke.png in Resources */,
			);
			runOnlyForDeploymentPostprocessing = 0;
		};
		D74AD979195171E7009A2ACD /* Resources */ = {
			isa = PBXResourcesBuildPhase;
			buildActionMask = 2147483647;
			files = (
			);
			runOnlyForDeploymentPostprocessing = 0;
		};
/* End PBXResourcesBuildPhase section */

/* Begin PBXSourcesBuildPhase section */
		D74AD96A195171E7009A2ACD /* Sources */ = {
			isa = PBXSourcesBuildPhase;
			buildActionMask = 2147483647;
			files = (
				D74AD974195171E7009A2ACD /* AppDelegate.swift in Sources */,
				D7633A2B195812020009D084 /* LTDemoViewController.swift in Sources */,
				D7633A2D195965A00009D084 /* NSString+LTMorphingLabel.swift in Sources */,
				D7AFEC921962511C0006FA88 /* LTEasing.swift in Sources */,
				D74AD98F19517430009A2ACD /* LTMorphingLabel.swift in Sources */,
				D7AFEC98196280860006FA88 /* LTMorphingLabel+Fall.swift in Sources */,
				D757C30D1974243400A34565 /* LTMorphingLabel+Burn.swift in Sources */,
				D7558D3A1962AB3000DCF592 /* LTMorphingLabel+Pixelate.swift in Sources */,
				D7AFEC94196256720006FA88 /* LTMorphingLabel+Evaporate.swift in Sources */,
				D7EC5FD6196692E8004E7076 /* LTMorphingLabel+Sparkle.swift in Sources */,
				D7C98F391975265C00902C5C /* LTMorphingLabel+Anvil.swift in Sources */,
			);
			runOnlyForDeploymentPostprocessing = 0;
		};
		D74AD977195171E7009A2ACD /* Sources */ = {
			isa = PBXSourcesBuildPhase;
			buildActionMask = 2147483647;
			files = (
				D73C166E1973942300380335 /* LTEasing.swift in Sources */,
				D7633A2E195976D30009D084 /* NSString+LTMorphingLabel.swift in Sources */,
				D7AE4C3F1952E4D700171EA2 /* LTMorphingLabel.swift in Sources */,
				D74AD982195171E7009A2ACD /* LTMorphingLabelDemoTests.swift in Sources */,
			);
			runOnlyForDeploymentPostprocessing = 0;
		};
/* End PBXSourcesBuildPhase section */

/* Begin PBXTargetDependency section */
		D73C166B1973941C00380335 /* PBXTargetDependency */ = {
			isa = PBXTargetDependency;
			target = D74AD96D195171E7009A2ACD /* LTMorphingLabelDemo */;
			targetProxy = D73C166A1973941C00380335 /* PBXContainerItemProxy */;
		};
		D73C166D1973941C00380335 /* PBXTargetDependency */ = {
			isa = PBXTargetDependency;
			target = D74AD96D195171E7009A2ACD /* LTMorphingLabelDemo */;
			targetProxy = D73C166C1973941C00380335 /* PBXContainerItemProxy */;
		};
		D74AD97D195171E7009A2ACD /* PBXTargetDependency */ = {
			isa = PBXTargetDependency;
			target = D74AD96D195171E7009A2ACD /* LTMorphingLabelDemo */;
			targetProxy = D74AD97C195171E7009A2ACD /* PBXContainerItemProxy */;
		};
		D78925C5195A7BFE001AF955 /* PBXTargetDependency */ = {
			isa = PBXTargetDependency;
			target = D74AD96D195171E7009A2ACD /* LTMorphingLabelDemo */;
			targetProxy = D78925C4195A7BFE001AF955 /* PBXContainerItemProxy */;
		};
		D78925C7195A7BFE001AF955 /* PBXTargetDependency */ = {
			isa = PBXTargetDependency;
			target = D74AD96D195171E7009A2ACD /* LTMorphingLabelDemo */;
			targetProxy = D78925C6195A7BFE001AF955 /* PBXContainerItemProxy */;
		};
		D7AE4C3C1952E4D000171EA2 /* PBXTargetDependency */ = {
			isa = PBXTargetDependency;
			target = D74AD96D195171E7009A2ACD /* LTMorphingLabelDemo */;
			targetProxy = D7AE4C3B1952E4D000171EA2 /* PBXContainerItemProxy */;
		};
		D7AE4C3E1952E4D000171EA2 /* PBXTargetDependency */ = {
			isa = PBXTargetDependency;
			target = D74AD96D195171E7009A2ACD /* LTMorphingLabelDemo */;
			targetProxy = D7AE4C3D1952E4D000171EA2 /* PBXContainerItemProxy */;
		};
		D7AFEC9A19628ECF0006FA88 /* PBXTargetDependency */ = {
			isa = PBXTargetDependency;
			target = D74AD96D195171E7009A2ACD /* LTMorphingLabelDemo */;
			targetProxy = D7AFEC9919628ECF0006FA88 /* PBXContainerItemProxy */;
		};
		D7C98F2D1973A96700902C5C /* PBXTargetDependency */ = {
			isa = PBXTargetDependency;
			target = D74AD96D195171E7009A2ACD /* LTMorphingLabelDemo */;
			targetProxy = D7C98F2C1973A96700902C5C /* PBXContainerItemProxy */;
		};
/* End PBXTargetDependency section */

/* Begin XCBuildConfiguration section */
		D74AD983195171E7009A2ACD /* Debug */ = {
			isa = XCBuildConfiguration;
			buildSettings = {
				ALWAYS_SEARCH_USER_PATHS = NO;
				CLANG_CXX_LANGUAGE_STANDARD = "gnu++0x";
				CLANG_CXX_LIBRARY = "libc++";
				CLANG_ENABLE_MODULES = YES;
				CLANG_ENABLE_OBJC_ARC = YES;
				CLANG_WARN_BOOL_CONVERSION = YES;
				CLANG_WARN_CONSTANT_CONVERSION = YES;
				CLANG_WARN_DIRECT_OBJC_ISA_USAGE = YES_ERROR;
				CLANG_WARN_EMPTY_BODY = YES;
				CLANG_WARN_ENUM_CONVERSION = YES;
				CLANG_WARN_INT_CONVERSION = YES;
				CLANG_WARN_OBJC_ROOT_CLASS = YES_ERROR;
				CLANG_WARN_UNREACHABLE_CODE = YES;
				CLANG_WARN__DUPLICATE_METHOD_MATCH = YES;
				"CODE_SIGN_IDENTITY[sdk=iphoneos*]" = "iPhone Developer";
				COPY_PHASE_STRIP = NO;
				ENABLE_STRICT_OBJC_MSGSEND = YES;
				GCC_C_LANGUAGE_STANDARD = gnu99;
				GCC_DYNAMIC_NO_PIC = NO;
				GCC_OPTIMIZATION_LEVEL = 0;
				GCC_PREPROCESSOR_DEFINITIONS = (
					"DEBUG=1",
					"$(inherited)",
				);
				GCC_SYMBOLS_PRIVATE_EXTERN = NO;
				GCC_WARN_64_TO_32_BIT_CONVERSION = YES;
				GCC_WARN_ABOUT_RETURN_TYPE = YES_ERROR;
				GCC_WARN_UNDECLARED_SELECTOR = YES;
				GCC_WARN_UNINITIALIZED_AUTOS = YES_AGGRESSIVE;
				GCC_WARN_UNUSED_FUNCTION = YES;
				GCC_WARN_UNUSED_VARIABLE = YES;
				IPHONEOS_DEPLOYMENT_TARGET = 7.0;
				METAL_ENABLE_DEBUG_INFO = YES;
				ONLY_ACTIVE_ARCH = YES;
				SDKROOT = iphoneos;
				SWIFT_OPTIMIZATION_LEVEL = "-Onone";
			};
			name = Debug;
		};
		D74AD984195171E7009A2ACD /* Release */ = {
			isa = XCBuildConfiguration;
			buildSettings = {
				ALWAYS_SEARCH_USER_PATHS = NO;
				CLANG_CXX_LANGUAGE_STANDARD = "gnu++0x";
				CLANG_CXX_LIBRARY = "libc++";
				CLANG_ENABLE_MODULES = YES;
				CLANG_ENABLE_OBJC_ARC = YES;
				CLANG_WARN_BOOL_CONVERSION = YES;
				CLANG_WARN_CONSTANT_CONVERSION = YES;
				CLANG_WARN_DIRECT_OBJC_ISA_USAGE = YES_ERROR;
				CLANG_WARN_EMPTY_BODY = YES;
				CLANG_WARN_ENUM_CONVERSION = YES;
				CLANG_WARN_INT_CONVERSION = YES;
				CLANG_WARN_OBJC_ROOT_CLASS = YES_ERROR;
				CLANG_WARN_UNREACHABLE_CODE = YES;
				CLANG_WARN__DUPLICATE_METHOD_MATCH = YES;
				"CODE_SIGN_IDENTITY[sdk=iphoneos*]" = "iPhone Developer";
				COPY_PHASE_STRIP = YES;
				ENABLE_NS_ASSERTIONS = NO;
				ENABLE_STRICT_OBJC_MSGSEND = YES;
				GCC_C_LANGUAGE_STANDARD = gnu99;
				GCC_WARN_64_TO_32_BIT_CONVERSION = YES;
				GCC_WARN_ABOUT_RETURN_TYPE = YES_ERROR;
				GCC_WARN_UNDECLARED_SELECTOR = YES;
				GCC_WARN_UNINITIALIZED_AUTOS = YES_AGGRESSIVE;
				GCC_WARN_UNUSED_FUNCTION = YES;
				GCC_WARN_UNUSED_VARIABLE = YES;
				IPHONEOS_DEPLOYMENT_TARGET = 7.0;
				METAL_ENABLE_DEBUG_INFO = NO;
				SDKROOT = iphoneos;
				VALIDATE_PRODUCT = YES;
			};
			name = Release;
		};
		D74AD986195171E7009A2ACD /* Debug */ = {
			isa = XCBuildConfiguration;
			buildSettings = {
				ALWAYS_SEARCH_USER_PATHS = NO;
				ASSETCATALOG_COMPILER_APPICON_NAME = AppIcon;
				ASSETCATALOG_COMPILER_LAUNCHIMAGE_NAME = LaunchImage;
				CLANG_ENABLE_MODULES = YES;
				INFOPLIST_FILE = LTMorphingLabelDemo/Info.plist;
				IPHONEOS_DEPLOYMENT_TARGET = 7.0;
				LD_RUNPATH_SEARCH_PATHS = "$(inherited) @executable_path/Frameworks";
				PRODUCT_NAME = "$(TARGET_NAME)";
				SWIFT_INCLUDE_PATHS = "";
				SWIFT_OBJC_BRIDGING_HEADER = "";
				SWIFT_OPTIMIZATION_LEVEL = "-Onone";
				TARGETED_DEVICE_FAMILY = "1,2";
			};
			name = Debug;
		};
		D74AD987195171E7009A2ACD /* Release */ = {
			isa = XCBuildConfiguration;
			buildSettings = {
				ALWAYS_SEARCH_USER_PATHS = NO;
				ASSETCATALOG_COMPILER_APPICON_NAME = AppIcon;
				ASSETCATALOG_COMPILER_LAUNCHIMAGE_NAME = LaunchImage;
				CLANG_ENABLE_MODULES = YES;
				INFOPLIST_FILE = LTMorphingLabelDemo/Info.plist;
				IPHONEOS_DEPLOYMENT_TARGET = 7.0;
				LD_RUNPATH_SEARCH_PATHS = "$(inherited) @executable_path/Frameworks";
				PRODUCT_NAME = "$(TARGET_NAME)";
				SWIFT_INCLUDE_PATHS = "";
				SWIFT_OBJC_BRIDGING_HEADER = "";
				TARGETED_DEVICE_FAMILY = "1,2";
			};
			name = Release;
		};
		D74AD989195171E7009A2ACD /* Debug */ = {
			isa = XCBuildConfiguration;
			buildSettings = {
				BUNDLE_LOADER = "$(BUILT_PRODUCTS_DIR)/LTMorphingLabelDemo.app/LTMorphingLabelDemo";
				FRAMEWORK_SEARCH_PATHS = (
					"$(SDKROOT)/Developer/Library/Frameworks",
					"$(inherited)",
				);
				GCC_PREPROCESSOR_DEFINITIONS = (
					"DEBUG=1",
					"$(inherited)",
				);
				INFOPLIST_FILE = LTMorphingLabelDemoTests/Info.plist;
				LD_RUNPATH_SEARCH_PATHS = "$(inherited) @executable_path/Frameworks @loader_path/Frameworks";
				METAL_ENABLE_DEBUG_INFO = YES;
				PRODUCT_NAME = "$(TARGET_NAME)";
				TEST_HOST = "$(BUNDLE_LOADER)";
			};
			name = Debug;
		};
		D74AD98A195171E7009A2ACD /* Release */ = {
			isa = XCBuildConfiguration;
			buildSettings = {
				BUNDLE_LOADER = "$(BUILT_PRODUCTS_DIR)/LTMorphingLabelDemo.app/LTMorphingLabelDemo";
				FRAMEWORK_SEARCH_PATHS = (
					"$(SDKROOT)/Developer/Library/Frameworks",
					"$(inherited)",
				);
				INFOPLIST_FILE = LTMorphingLabelDemoTests/Info.plist;
				LD_RUNPATH_SEARCH_PATHS = "$(inherited) @executable_path/Frameworks @loader_path/Frameworks";
				METAL_ENABLE_DEBUG_INFO = NO;
				PRODUCT_NAME = "$(TARGET_NAME)";
				TEST_HOST = "$(BUNDLE_LOADER)";
			};
			name = Release;
		};
/* End XCBuildConfiguration section */

/* Begin XCConfigurationList section */
		D74AD969195171E7009A2ACD /* Build configuration list for PBXProject "LTMorphingLabelDemo" */ = {
			isa = XCConfigurationList;
			buildConfigurations = (
				D74AD983195171E7009A2ACD /* Debug */,
				D74AD984195171E7009A2ACD /* Release */,
			);
			defaultConfigurationIsVisible = 0;
			defaultConfigurationName = Release;
		};
		D74AD985195171E7009A2ACD /* Build configuration list for PBXNativeTarget "LTMorphingLabelDemo" */ = {
			isa = XCConfigurationList;
			buildConfigurations = (
				D74AD986195171E7009A2ACD /* Debug */,
				D74AD987195171E7009A2ACD /* Release */,
			);
			defaultConfigurationIsVisible = 0;
			defaultConfigurationName = Release;
		};
		D74AD988195171E7009A2ACD /* Build configuration list for PBXNativeTarget "LTMorphingLabelDemoTests" */ = {
			isa = XCConfigurationList;
			buildConfigurations = (
				D74AD989195171E7009A2ACD /* Debug */,
				D74AD98A195171E7009A2ACD /* Release */,
			);
			defaultConfigurationIsVisible = 0;
			defaultConfigurationName = Release;
		};
/* End XCConfigurationList section */
	};
	rootObject = D74AD966195171E7009A2ACD /* Project object */;
}
